PODS:
  - Alamofire (4.9.1)
  - FaviconFinder (3.2.0):
    - SwiftSoup (~> 2.3.2)
  - Kingfisher (4.10.1)
  - SwiftLinkPreview (3.4.0)
  - SwiftSoup (2.3.3)
  - SwiftyJSON (4.3.0)

DEPENDENCIES:
  - Alamofire (~> 4.0)
  - FaviconFinder
  - Kingfisher
  - SwiftLinkPreview
  - SwiftyJSON

SPEC REPOS:
  trunk:
    - Alamofire
    - FaviconFinder
    - Kingfisher
    - SwiftLinkPreview
    - SwiftSoup
    - SwiftyJSON

SPEC CHECKSUMS:
  Alamofire: 85e8a02c69d6020a0d734f6054870d7ecb75cf18
  FaviconFinder: 29c049414a8e08cc1984727906399cd93c8ad82a
  Kingfisher: c148cd7b47ebde9989f6bc7c27dcaa79d81279a0
  SwiftLinkPreview: c1bc5b2cb3cd42f2865137c1a61f5d788dcf5c9c
  SwiftSoup: 8e4844e785a975744f2c2606f8b3844ef67eb259
  SwiftyJSON: 6faa0040f8b59dead0ee07436cbf76b73c08fd08

PODFILE CHECKSUM: 3045021434c6203070b15ee177c9b9cf58d126d1

COCOAPODS: 1.14.3
