// !$*UTF8*$!
{
	archiveVersion = 1;
	classes = {
	};
	objectVersion = 56;
	objects = {

/* Begin PBXBuildFile section */
		10B16E102BB35E9400C6CA6E /* AppDelegate.swift in Sources */ = {isa = PBXBuildFile; fileRef = 10B16E0F2BB35E9400C6CA6E /* AppDelegate.swift */; };
		10B16E122BB35E9400C6CA6E /* SceneDelegate.swift in Sources */ = {isa = PBXBuildFile; fileRef = 10B16E112BB35E9400C6CA6E /* SceneDelegate.swift */; };
		10B16E142BB35E9400C6CA6E /* MainVC.swift in Sources */ = {isa = PBXBuildFile; fileRef = 10B16E132BB35E9400C6CA6E /* MainVC.swift */; };
		10B16E192BB35E9500C6CA6E /* Assets.xcassets in Resources */ = {isa = PBXBuildFile; fileRef = 10B16E182BB35E9500C6CA6E /* Assets.xcassets */; };
		10B16E1C2BB35E9500C6CA6E /* LaunchScreen.storyboard in Resources */ = {isa = PBXBuildFile; fileRef = 10B16E1A2BB35E9500C6CA6E /* LaunchScreen.storyboard */; };
		10B16E242BB361D900C6CA6E /* PaddingLabel.swift in Sources */ = {isa = PBXBuildFile; fileRef = 10B16E232BB361D900C6CA6E /* PaddingLabel.swift */; };
		10B16E272BB3623A00C6CA6E /* UIColors.swift in Sources */ = {isa = PBXBuildFile; fileRef = 10B16E262BB3623A00C6CA6E /* UIColors.swift */; };
		10B16E292BB3631C00C6CA6E /* UIString.swift in Sources */ = {isa = PBXBuildFile; fileRef = 10B16E282BB3631C00C6CA6E /* UIString.swift */; };
		10B16E2B2BB3637000C6CA6E /* AppLanguage.swift in Sources */ = {isa = PBXBuildFile; fileRef = 10B16E2A2BB3637000C6CA6E /* AppLanguage.swift */; };
		10B16E2D2BB363A400C6CA6E /* SwiftyJSON.swift in Sources */ = {isa = PBXBuildFile; fileRef = 10B16E2C2BB363A400C6CA6E /* SwiftyJSON.swift */; };
		10B16E2F2BB3648600C6CA6E /* ServiceCard.swift in Sources */ = {isa = PBXBuildFile; fileRef = 10B16E2E2BB3648600C6CA6E /* ServiceCard.swift */; };
		10B16E332BB3669500C6CA6E /* Portugal.json in Resources */ = {isa = PBXBuildFile; fileRef = 10B16E322BB3669500C6CA6E /* Portugal.json */; };
		10B16E352BB3669900C6CA6E /* Russia.json in Resources */ = {isa = PBXBuildFile; fileRef = 10B16E342BB3669900C6CA6E /* Russia.json */; };
		10B16E372BB3669D00C6CA6E /* Usa.json in Resources */ = {isa = PBXBuildFile; fileRef = 10B16E362BB3669D00C6CA6E /* Usa.json */; };
		10B16E392BB366A100C6CA6E /* Vietnam.json in Resources */ = {isa = PBXBuildFile; fileRef = 10B16E382BB366A100C6CA6E /* Vietnam.json */; };
		10B16E3C2BB3676800C6CA6E /* ServicesContainer.swift in Sources */ = {isa = PBXBuildFile; fileRef = 10B16E3B2BB3676800C6CA6E /* ServicesContainer.swift */; };
		10B16E3E2BB4A06C00C6CA6E /* MainVM.swift in Sources */ = {isa = PBXBuildFile; fileRef = 10B16E3D2BB4A06C00C6CA6E /* MainVM.swift */; };
		10B16E402BB4A81D00C6CA6E /* API.swift in Sources */ = {isa = PBXBuildFile; fileRef = 10B16E3F2BB4A81D00C6CA6E /* API.swift */; };
		10B16E432BBDD7A600C6CA6E /* QRCodeModalVC.swift in Sources */ = {isa = PBXBuildFile; fileRef = 10B16E422BBDD7A600C6CA6E /* QRCodeModalVC.swift */; };
		10B16E452BBDE74500C6CA6E /* CIImage.swift in Sources */ = {isa = PBXBuildFile; fileRef = 10B16E442BBDE74500C6CA6E /* CIImage.swift */; };
		10B16E652BC6F1A500C6CA6E /* CreateName.swift in Sources */ = {isa = PBXBuildFile; fileRef = 10B16E642BC6F1A500C6CA6E /* CreateName.swift */; };
/* End PBXBuildFile section */

/* Begin PBXFileReference section */
		10B16E0C2BB35E9400C6CA6E /* boop.app */ = {isa = PBXFileReference; explicitFileType = wrapper.application; includeInIndex = 0; path = boop.app; sourceTree = BUILT_PRODUCTS_DIR; };
		10B16E0F2BB35E9400C6CA6E /* AppDelegate.swift */ = {isa = PBXFileReference; lastKnownFileType = sourcecode.swift; path = AppDelegate.swift; sourceTree = "<group>"; };
		10B16E112BB35E9400C6CA6E /* SceneDelegate.swift */ = {isa = PBXFileReference; lastKnownFileType = sourcecode.swift; path = SceneDelegate.swift; sourceTree = "<group>"; };
		10B16E132BB35E9400C6CA6E /* MainVC.swift */ = {isa = PBXFileReference; lastKnownFileType = sourcecode.swift; path = MainVC.swift; sourceTree = "<group>"; };
		10B16E182BB35E9500C6CA6E /* Assets.xcassets */ = {isa = PBXFileReference; lastKnownFileType = folder.assetcatalog; path = Assets.xcassets; sourceTree = "<group>"; };
		10B16E1B2BB35E9500C6CA6E /* Base */ = {isa = PBXFileReference; lastKnownFileType = file.storyboard; name = Base; path = Base.lproj/LaunchScreen.storyboard; sourceTree = "<group>"; };
		10B16E1D2BB35E9500C6CA6E /* Info.plist */ = {isa = PBXFileReference; lastKnownFileType = text.plist.xml; path = Info.plist; sourceTree = "<group>"; };
		10B16E232BB361D900C6CA6E /* PaddingLabel.swift */ = {isa = PBXFileReference; fileEncoding = 4; lastKnownFileType = sourcecode.swift; path = PaddingLabel.swift; sourceTree = "<group>"; };
		10B16E262BB3623A00C6CA6E /* UIColors.swift */ = {isa = PBXFileReference; fileEncoding = 4; lastKnownFileType = sourcecode.swift; path = UIColors.swift; sourceTree = "<group>"; };
		10B16E282BB3631C00C6CA6E /* UIString.swift */ = {isa = PBXFileReference; lastKnownFileType = sourcecode.swift; path = UIString.swift; sourceTree = "<group>"; };
		10B16E2A2BB3637000C6CA6E /* AppLanguage.swift */ = {isa = PBXFileReference; lastKnownFileType = sourcecode.swift; path = AppLanguage.swift; sourceTree = "<group>"; };
		10B16E2C2BB363A400C6CA6E /* SwiftyJSON.swift */ = {isa = PBXFileReference; fileEncoding = 4; lastKnownFileType = sourcecode.swift; path = SwiftyJSON.swift; sourceTree = "<group>"; };
		10B16E2E2BB3648600C6CA6E /* ServiceCard.swift */ = {isa = PBXFileReference; fileEncoding = 4; lastKnownFileType = sourcecode.swift; path = ServiceCard.swift; sourceTree = "<group>"; };
		10B16E322BB3669500C6CA6E /* Portugal.json */ = {isa = PBXFileReference; fileEncoding = 4; lastKnownFileType = text.json; path = Portugal.json; sourceTree = "<group>"; };
		10B16E342BB3669900C6CA6E /* Russia.json */ = {isa = PBXFileReference; fileEncoding = 4; lastKnownFileType = text.json; path = Russia.json; sourceTree = "<group>"; };
		10B16E362BB3669D00C6CA6E /* Usa.json */ = {isa = PBXFileReference; fileEncoding = 4; lastKnownFileType = text.json; path = Usa.json; sourceTree = "<group>"; };
		10B16E382BB366A100C6CA6E /* Vietnam.json */ = {isa = PBXFileReference; fileEncoding = 4; lastKnownFileType = text.json; path = Vietnam.json; sourceTree = "<group>"; };
		10B16E3B2BB3676800C6CA6E /* ServicesContainer.swift */ = {isa = PBXFileReference; lastKnownFileType = sourcecode.swift; path = ServicesContainer.swift; sourceTree = "<group>"; };
		10B16E3D2BB4A06C00C6CA6E /* MainVM.swift */ = {isa = PBXFileReference; lastKnownFileType = sourcecode.swift; path = MainVM.swift; sourceTree = "<group>"; };
		10B16E3F2BB4A81D00C6CA6E /* API.swift */ = {isa = PBXFileReference; lastKnownFileType = sourcecode.swift; path = API.swift; sourceTree = "<group>"; };
		10B16E422BBDD7A600C6CA6E /* QRCodeModalVC.swift */ = {isa = PBXFileReference; lastKnownFileType = sourcecode.swift; path = QRCodeModalVC.swift; sourceTree = "<group>"; };
		10B16E442BBDE74500C6CA6E /* CIImage.swift */ = {isa = PBXFileReference; lastKnownFileType = sourcecode.swift; path = CIImage.swift; sourceTree = "<group>"; };
		10B16E642BC6F1A500C6CA6E /* CreateName.swift */ = {isa = PBXFileReference; lastKnownFileType = sourcecode.swift; path = CreateName.swift; sourceTree = "<group>"; };
/* End PBXFileReference section */

/* Begin PBXFrameworksBuildPhase section */
		10B16E092BB35E9400C6CA6E /* Frameworks */ = {
			isa = PBXFrameworksBuildPhase;
			buildActionMask = 2147483647;
			files = (
			);
			runOnlyForDeploymentPostprocessing = 0;
		};
/* End PBXFrameworksBuildPhase section */

/* Begin PBXGroup section */
		10B16E032BB35E9400C6CA6E = {
			isa = PBXGroup;
			children = (
				10B16E0E2BB35E9400C6CA6E /* boop */,
				10B16E0D2BB35E9400C6CA6E /* Products */,
			);
			sourceTree = "<group>";
		};
		10B16E0D2BB35E9400C6CA6E /* Products */ = {
			isa = PBXGroup;
			children = (
				10B16E0C2BB35E9400C6CA6E /* boop.app */,
			);
			name = Products;
			sourceTree = "<group>";
		};
		10B16E0E2BB35E9400C6CA6E /* boop */ = {
			isa = PBXGroup;
			children = (
				10B16E0F2BB35E9400C6CA6E /* AppDelegate.swift */,
				10B16E112BB35E9400C6CA6E /* SceneDelegate.swift */,
				10B16E132BB35E9400C6CA6E /* MainVC.swift */,
				10B16E3D2BB4A06C00C6CA6E /* MainVM.swift */,
				10B16E3B2BB3676800C6CA6E /* ServicesContainer.swift */,
				10B16E2E2BB3648600C6CA6E /* ServiceCard.swift */,
				10B16E422BBDD7A600C6CA6E /* QRCodeModalVC.swift */,
				10B16E442BBDE74500C6CA6E /* CIImage.swift */,
				10B16E412BB602B000C6CA6E /* Network */,
				10B16E252BB361F700C6CA6E /* Extention&Utils */,
				10B16E3A2BB366AB00C6CA6E /* Dictionary */,
				10B16E182BB35E9500C6CA6E /* Assets.xcassets */,
				10B16E1A2BB35E9500C6CA6E /* LaunchScreen.storyboard */,
				10B16E1D2BB35E9500C6CA6E /* Info.plist */,
			);
			path = boop;
			sourceTree = "<group>";
		};
		10B16E252BB361F700C6CA6E /* Extention&Utils */ = {
			isa = PBXGroup;
			children = (
				10B16E232BB361D900C6CA6E /* PaddingLabel.swift */,
				10B16E262BB3623A00C6CA6E /* UIColors.swift */,
				10B16E282BB3631C00C6CA6E /* UIString.swift */,
				10B16E2A2BB3637000C6CA6E /* AppLanguage.swift */,
				10B16E2C2BB363A400C6CA6E /* SwiftyJSON.swift */,
				10B16E642BC6F1A500C6CA6E /* CreateName.swift */,
			);
			path = "Extention&Utils";
			sourceTree = "<group>";
		};
		10B16E3A2BB366AB00C6CA6E /* Dictionary */ = {
			isa = PBXGroup;
			children = (
				10B16E322BB3669500C6CA6E /* Portugal.json */,
				10B16E342BB3669900C6CA6E /* Russia.json */,
				10B16E362BB3669D00C6CA6E /* Usa.json */,
				10B16E382BB366A100C6CA6E /* Vietnam.json */,
			);
			path = Dictionary;
			sourceTree = "<group>";
		};
		10B16E412BB602B000C6CA6E /* Network */ = {
			isa = PBXGroup;
			children = (
				10B16E3F2BB4A81D00C6CA6E /* API.swift */,
			);
			path = Network;
			sourceTree = "<group>";
		};
/* End PBXGroup section */

/* Begin PBXNativeTarget section */
		10B16E0B2BB35E9400C6CA6E /* boop */ = {
			isa = PBXNativeTarget;
			buildConfigurationList = 10B16E202BB35E9500C6CA6E /* Build configuration list for PBXNativeTarget "boop" */;
			buildPhases = (
				10B16E082BB35E9400C6CA6E /* Sources */,
				10B16E092BB35E9400C6CA6E /* Frameworks */,
				10B16E0A2BB35E9400C6CA6E /* Resources */,
			);
			buildRules = (
			);
			dependencies = (
			);
			name = boop;
			productName = boop;
			productReference = 10B16E0C2BB35E9400C6CA6E /* boop.app */;
			productType = "com.apple.product-type.application";
		};
/* End PBXNativeTarget section */

/* Begin PBXProject section */
		10B16E042BB35E9400C6CA6E /* Project object */ = {
			isa = PBXProject;
			attributes = {
				BuildIndependentTargetsInParallel = 1;
				LastSwiftUpdateCheck = 1520;
				LastUpgradeCheck = 1520;
				TargetAttributes = {
					10B16E0B2BB35E9400C6CA6E = {
						CreatedOnToolsVersion = 15.2;
					};
				};
			};
			buildConfigurationList = 10B16E072BB35E9400C6CA6E /* Build configuration list for PBXProject "boop" */;
			compatibilityVersion = "Xcode 14.0";
			developmentRegion = en;
			hasScannedForEncodings = 0;
			knownRegions = (
				en,
				Base,
			);
			mainGroup = 10B16E032BB35E9400C6CA6E;
			productRefGroup = 10B16E0D2BB35E9400C6CA6E /* Products */;
			projectDirPath = "";
			projectRoot = "";
			targets = (
				10B16E0B2BB35E9400C6CA6E /* boop */,
			);
		};
/* End PBXProject section */

/* Begin PBXResourcesBuildPhase section */
		10B16E0A2BB35E9400C6CA6E /* Resources */ = {
			isa = PBXResourcesBuildPhase;
			buildActionMask = 2147483647;
			files = (
				10B16E392BB366A100C6CA6E /* Vietnam.json in Resources */,
				10B16E1C2BB35E9500C6CA6E /* LaunchScreen.storyboard in Resources */,
				10B16E192BB35E9500C6CA6E /* Assets.xcassets in Resources */,
				10B16E372BB3669D00C6CA6E /* Usa.json in Resources */,
				10B16E352BB3669900C6CA6E /* Russia.json in Resources */,
				10B16E332BB3669500C6CA6E /* Portugal.json in Resources */,
			);
			runOnlyForDeploymentPostprocessing = 0;
		};
/* End PBXResourcesBuildPhase section */

/* Begin PBXSourcesBuildPhase section */
		10B16E082BB35E9400C6CA6E /* Sources */ = {
			isa = PBXSourcesBuildPhase;
			buildActionMask = 2147483647;
			files = (
				10B16E292BB3631C00C6CA6E /* UIString.swift in Sources */,
				10B16E3C2BB3676800C6CA6E /* ServicesContainer.swift in Sources */,
				10B16E242BB361D900C6CA6E /* PaddingLabel.swift in Sources */,
				10B16E2F2BB3648600C6CA6E /* ServiceCard.swift in Sources */,
				10B16E142BB35E9400C6CA6E /* MainVC.swift in Sources */,
				10B16E452BBDE74500C6CA6E /* CIImage.swift in Sources */,
				10B16E2D2BB363A400C6CA6E /* SwiftyJSON.swift in Sources */,
				10B16E102BB35E9400C6CA6E /* AppDelegate.swift in Sources */,
				10B16E122BB35E9400C6CA6E /* SceneDelegate.swift in Sources */,
				10B16E3E2BB4A06C00C6CA6E /* MainVM.swift in Sources */,
				10B16E652BC6F1A500C6CA6E /* CreateName.swift in Sources */,
				10B16E432BBDD7A600C6CA6E /* QRCodeModalVC.swift in Sources */,
				10B16E2B2BB3637000C6CA6E /* AppLanguage.swift in Sources */,
				10B16E402BB4A81D00C6CA6E /* API.swift in Sources */,
				10B16E272BB3623A00C6CA6E /* UIColors.swift in Sources */,
			);
			runOnlyForDeploymentPostprocessing = 0;
		};
/* End PBXSourcesBuildPhase section */

/* Begin PBXVariantGroup section */
		10B16E1A2BB35E9500C6CA6E /* LaunchScreen.storyboard */ = {
			isa = PBXVariantGroup;
			children = (
				10B16E1B2BB35E9500C6CA6E /* Base */,
			);
			name = LaunchScreen.storyboard;
			sourceTree = "<group>";
		};
/* End PBXVariantGroup section */

/* Begin XCBuildConfiguration section */
		10B16E1E2BB35E9500C6CA6E /* Debug */ = {
			isa = XCBuildConfiguration;
			buildSettings = {
				ALWAYS_SEARCH_USER_PATHS = NO;
				ASSETCATALOG_COMPILER_GENERATE_SWIFT_ASSET_SYMBOL_EXTENSIONS = YES;
				CLANG_ANALYZER_NONNULL = YES;
				CLANG_ANALYZER_NUMBER_OBJECT_CONVERSION = YES_AGGRESSIVE;
				CLANG_CXX_LANGUAGE_STANDARD = "gnu++20";
				CLANG_ENABLE_MODULES = YES;
				CLANG_ENABLE_OBJC_ARC = YES;
				CLANG_ENABLE_OBJC_WEAK = YES;
				CLANG_WARN_BLOCK_CAPTURE_AUTORELEASING = YES;
				CLANG_WARN_BOOL_CONVERSION = YES;
				CLANG_WARN_COMMA = YES;
				CLANG_WARN_CONSTANT_CONVERSION = YES;
				CLANG_WARN_DEPRECATED_OBJC_IMPLEMENTATIONS = YES;
				CLANG_WARN_DIRECT_OBJC_ISA_USAGE = YES_ERROR;
				CLANG_WARN_DOCUMENTATION_COMMENTS = YES;
				CLANG_WARN_EMPTY_BODY = YES;
				CLANG_WARN_ENUM_CONVERSION = YES;
				CLANG_WARN_INFINITE_RECURSION = YES;
				CLANG_WARN_INT_CONVERSION = YES;
				CLANG_WARN_NON_LITERAL_NULL_CONVERSION = YES;
				CLANG_WARN_OBJC_IMPLICIT_RETAIN_SELF = YES;
				CLANG_WARN_OBJC_LITERAL_CONVERSION = YES;
				CLANG_WARN_OBJC_ROOT_CLASS = YES_ERROR;
				CLANG_WARN_QUOTED_INCLUDE_IN_FRAMEWORK_HEADER = YES;
				CLANG_WARN_RANGE_LOOP_ANALYSIS = YES;
				CLANG_WARN_STRICT_PROTOTYPES = YES;
				CLANG_WARN_SUSPICIOUS_MOVE = YES;
				CLANG_WARN_UNGUARDED_AVAILABILITY = YES_AGGRESSIVE;
				CLANG_WARN_UNREACHABLE_CODE = YES;
				CLANG_WARN__DUPLICATE_METHOD_MATCH = YES;
				COPY_PHASE_STRIP = NO;
				DEBUG_INFORMATION_FORMAT = dwarf;
				ENABLE_STRICT_OBJC_MSGSEND = YES;
				ENABLE_TESTABILITY = YES;
				ENABLE_USER_SCRIPT_SANDBOXING = YES;
				GCC_C_LANGUAGE_STANDARD = gnu17;
				GCC_DYNAMIC_NO_PIC = NO;
				GCC_NO_COMMON_BLOCKS = YES;
				GCC_OPTIMIZATION_LEVEL = 0;
				GCC_PREPROCESSOR_DEFINITIONS = (
					"DEBUG=1",
					"$(inherited)",
				);
				GCC_WARN_64_TO_32_BIT_CONVERSION = YES;
				GCC_WARN_ABOUT_RETURN_TYPE = YES_ERROR;
				GCC_WARN_UNDECLARED_SELECTOR = YES;
				GCC_WARN_UNINITIALIZED_AUTOS = YES_AGGRESSIVE;
				GCC_WARN_UNUSED_FUNCTION = YES;
				GCC_WARN_UNUSED_VARIABLE = YES;
				IPHONEOS_DEPLOYMENT_TARGET = 17.2;
				LOCALIZATION_PREFERS_STRING_CATALOGS = YES;
				MTL_ENABLE_DEBUG_INFO = INCLUDE_SOURCE;
				MTL_FAST_MATH = YES;
				ONLY_ACTIVE_ARCH = YES;
				SDKROOT = iphoneos;
				SWIFT_ACTIVE_COMPILATION_CONDITIONS = "DEBUG $(inherited)";
				SWIFT_OPTIMIZATION_LEVEL = "-Onone";
			};
			name = Debug;
		};
		10B16E1F2BB35E9500C6CA6E /* Release */ = {
			isa = XCBuildConfiguration;
			buildSettings = {
				ALWAYS_SEARCH_USER_PATHS = NO;
				ASSETCATALOG_COMPILER_GENERATE_SWIFT_ASSET_SYMBOL_EXTENSIONS = YES;
				CLANG_ANALYZER_NONNULL = YES;
				CLANG_ANALYZER_NUMBER_OBJECT_CONVERSION = YES_AGGRESSIVE;
				CLANG_CXX_LANGUAGE_STANDARD = "gnu++20";
				CLANG_ENABLE_MODULES = YES;
				CLANG_ENABLE_OBJC_ARC = YES;
				CLANG_ENABLE_OBJC_WEAK = YES;
				CLANG_WARN_BLOCK_CAPTURE_AUTORELEASING = YES;
				CLANG_WARN_BOOL_CONVERSION = YES;
				CLANG_WARN_COMMA = YES;
				CLANG_WARN_CONSTANT_CONVERSION = YES;
				CLANG_WARN_DEPRECATED_OBJC_IMPLEMENTATIONS = YES;
				CLANG_WARN_DIRECT_OBJC_ISA_USAGE = YES_ERROR;
				CLANG_WARN_DOCUMENTATION_COMMENTS = YES;
				CLANG_WARN_EMPTY_BODY = YES;
				CLANG_WARN_ENUM_CONVERSION = YES;
				CLANG_WARN_INFINITE_RECURSION = YES;
				CLANG_WARN_INT_CONVERSION = YES;
				CLANG_WARN_NON_LITERAL_NULL_CONVERSION = YES;
				CLANG_WARN_OBJC_IMPLICIT_RETAIN_SELF = YES;
				CLANG_WARN_OBJC_LITERAL_CONVERSION = YES;
				CLANG_WARN_OBJC_ROOT_CLASS = YES_ERROR;
				CLANG_WARN_QUOTED_INCLUDE_IN_FRAMEWORK_HEADER = YES;
				CLANG_WARN_RANGE_LOOP_ANALYSIS = YES;
				CLANG_WARN_STRICT_PROTOTYPES = YES;
				CLANG_WARN_SUSPICIOUS_MOVE = YES;
				CLANG_WARN_UNGUARDED_AVAILABILITY = YES_AGGRESSIVE;
				CLANG_WARN_UNREACHABLE_CODE = YES;
				CLANG_WARN__DUPLICATE_METHOD_MATCH = YES;
				COPY_PHASE_STRIP = NO;
				DEBUG_INFORMATION_FORMAT = "dwarf-with-dsym";
				ENABLE_NS_ASSERTIONS = NO;
				ENABLE_STRICT_OBJC_MSGSEND = YES;
				ENABLE_USER_SCRIPT_SANDBOXING = YES;
				GCC_C_LANGUAGE_STANDARD = gnu17;
				GCC_NO_COMMON_BLOCKS = YES;
				GCC_WARN_64_TO_32_BIT_CONVERSION = YES;
				GCC_WARN_ABOUT_RETURN_TYPE = YES_ERROR;
				GCC_WARN_UNDECLARED_SELECTOR = YES;
				GCC_WARN_UNINITIALIZED_AUTOS = YES_AGGRESSIVE;
				GCC_WARN_UNUSED_FUNCTION = YES;
				GCC_WARN_UNUSED_VARIABLE = YES;
				IPHONEOS_DEPLOYMENT_TARGET = 17.2;
				LOCALIZATION_PREFERS_STRING_CATALOGS = YES;
				MTL_ENABLE_DEBUG_INFO = NO;
				MTL_FAST_MATH = YES;
				SDKROOT = iphoneos;
				SWIFT_COMPILATION_MODE = wholemodule;
				VALIDATE_PRODUCT = YES;
			};
			name = Release;
		};
		10B16E212BB35E9500C6CA6E /* Debug */ = {
			isa = XCBuildConfiguration;
			buildSettings = {
				ASSETCATALOG_COMPILER_APPICON_NAME = AppIcon;
				ASSETCATALOG_COMPILER_GLOBAL_ACCENT_COLOR_NAME = AccentColor;
				CODE_SIGN_STYLE = Automatic;
				CURRENT_PROJECT_VERSION = 1;
				DEVELOPMENT_TEAM = MGQHT2U6K9;
				GENERATE_INFOPLIST_FILE = YES;
				INFOPLIST_FILE = boop/Info.plist;
				INFOPLIST_KEY_UIApplicationSupportsIndirectInputEvents = YES;
				INFOPLIST_KEY_UILaunchStoryboardName = LaunchScreen;
				INFOPLIST_KEY_UISupportedInterfaceOrientations = UIInterfaceOrientationPortrait;
				IPHONEOS_DEPLOYMENT_TARGET = 13.0;
				LD_RUNPATH_SEARCH_PATHS = (
					"$(inherited)",
					"@executable_path/Frameworks",
				);
				MARKETING_VERSION = 1.0;
				PRODUCT_BUNDLE_IDENTIFIER = com.dolinin.boop;
				PRODUCT_NAME = "$(TARGET_NAME)";
				SUPPORTED_PLATFORMS = "iphoneos iphonesimulator";
				SUPPORTS_MACCATALYST = NO;
				SUPPORTS_XR_DESIGNED_FOR_IPHONE_IPAD = NO;
				SWIFT_EMIT_LOC_STRINGS = YES;
				SWIFT_VERSION = 5.0;
				TARGETED_DEVICE_FAMILY = "1,2";
			};
			name = Debug;
		};
		10B16E222BB35E9500C6CA6E /* Release */ = {
			isa = XCBuildConfiguration;
			buildSettings = {
				ASSETCATALOG_COMPILER_APPICON_NAME = AppIcon;
				ASSETCATALOG_COMPILER_GLOBAL_ACCENT_COLOR_NAME = AccentColor;
				CODE_SIGN_STYLE = Automatic;
				CURRENT_PROJECT_VERSION = 1;
				DEVELOPMENT_TEAM = MGQHT2U6K9;
				GENERATE_INFOPLIST_FILE = YES;
				INFOPLIST_FILE = boop/Info.plist;
				INFOPLIST_KEY_UIApplicationSupportsIndirectInputEvents = YES;
				INFOPLIST_KEY_UILaunchStoryboardName = LaunchScreen;
				INFOPLIST_KEY_UISupportedInterfaceOrientations = UIInterfaceOrientationPortrait;
				IPHONEOS_DEPLOYMENT_TARGET = 13.0;
				LD_RUNPATH_SEARCH_PATHS = (
					"$(inherited)",
					"@executable_path/Frameworks",
				);
				MARKETING_VERSION = 1.0;
				PRODUCT_BUNDLE_IDENTIFIER = com.dolinin.boop;
				PRODUCT_NAME = "$(TARGET_NAME)";
				SUPPORTED_PLATFORMS = "iphoneos iphonesimulator";
				SUPPORTS_MACCATALYST = NO;
				SUPPORTS_XR_DESIGNED_FOR_IPHONE_IPAD = NO;
				SWIFT_EMIT_LOC_STRINGS = YES;
				SWIFT_VERSION = 5.0;
				TARGETED_DEVICE_FAMILY = "1,2";
			};
			name = Release;
		};
/* End XCBuildConfiguration section */

/* Begin XCConfigurationList section */
		10B16E072BB35E9400C6CA6E /* Build configuration list for PBXProject "boop" */ = {
			isa = XCConfigurationList;
			buildConfigurations = (
				10B16E1E2BB35E9500C6CA6E /* Debug */,
				10B16E1F2BB35E9500C6CA6E /* Release */,
			);
			defaultConfigurationIsVisible = 0;
			defaultConfigurationName = Release;
		};
		10B16E202BB35E9500C6CA6E /* Build configuration list for PBXNativeTarget "boop" */ = {
			isa = XCConfigurationList;
			buildConfigurations = (
				10B16E212BB35E9500C6CA6E /* Debug */,
				10B16E222BB35E9500C6CA6E /* Release */,
			);
			defaultConfigurationIsVisible = 0;
			defaultConfigurationName = Release;
		};
/* End XCConfigurationList section */
	};
	rootObject = 10B16E042BB35E9400C6CA6E /* Project object */;
}
